// !$*UTF8*$!
{
	archiveVersion = 1;
	classes = {
	};
	objectVersion = 55;
	objects = {

/* Begin PBXBuildFile section */
		BA65A4C4133E923A26510C63 /* Pods_ExampleEllipsisLabel.framework in Frameworks */ = {isa = PBXBuildFile; fileRef = C44AABDB506194242D1AA423 /* Pods_ExampleEllipsisLabel.framework */; };
		CE8D4302297127E5002DBF02 /* AppDelegate.swift in Sources */ = {isa = PBXBuildFile; fileRef = CE8D4301297127E5002DBF02 /* AppDelegate.swift */; };
		CE8D4304297127E5002DBF02 /* SceneDelegate.swift in Sources */ = {isa = PBXBuildFile; fileRef = CE8D4303297127E5002DBF02 /* SceneDelegate.swift */; };
		CE8D4306297127E5002DBF02 /* ViewController.swift in Sources */ = {isa = PBXBuildFile; fileRef = CE8D4305297127E5002DBF02 /* ViewController.swift */; };
		CE8D4309297127E5002DBF02 /* Main.storyboard in Resources */ = {isa = PBXBuildFile; fileRef = CE8D4307297127E5002DBF02 /* Main.storyboard */; };
		CE8D430B297127E6002DBF02 /* Assets.xcassets in Resources */ = {isa = PBXBuildFile; fileRef = CE8D430A297127E6002DBF02 /* Assets.xcassets */; };
		CE8D430E297127E6002DBF02 /* LaunchScreen.storyboard in Resources */ = {isa = PBXBuildFile; fileRef = CE8D430C297127E6002DBF02 /* LaunchScreen.storyboard */; };
		CE8D4316297153CD002DBF02 /* TableViewController.swift in Sources */ = {isa = PBXBuildFile; fileRef = CE8D4315297153CD002DBF02 /* TableViewController.swift */; };
		CE8D431929715488002DBF02 /* TableViewCell.swift in Sources */ = {isa = PBXBuildFile; fileRef = CE8D431729715488002DBF02 /* TableViewCell.swift */; };
		CE8D431A29715488002DBF02 /* TableViewCell.xib in Resources */ = {isa = PBXBuildFile; fileRef = CE8D431829715488002DBF02 /* TableViewCell.xib */; };
/* End PBXBuildFile section */

/* Begin PBXFileReference section */
		1A8C1D10D53FF386BC94D044 /* Pods-ExampleEllipsisLabel.debug.xcconfig */ = {isa = PBXFileReference; includeInIndex = 1; lastKnownFileType = text.xcconfig; name = "Pods-ExampleEllipsisLabel.debug.xcconfig"; path = "Target Support Files/Pods-ExampleEllipsisLabel/Pods-ExampleEllipsisLabel.debug.xcconfig"; sourceTree = "<group>"; };
		C44AABDB506194242D1AA423 /* Pods_ExampleEllipsisLabel.framework */ = {isa = PBXFileReference; explicitFileType = wrapper.framework; includeInIndex = 0; path = Pods_ExampleEllipsisLabel.framework; sourceTree = BUILT_PRODUCTS_DIR; };
		CE8D42FE297127E5002DBF02 /* ExampleEllipsisLabel.app */ = {isa = PBXFileReference; explicitFileType = wrapper.application; includeInIndex = 0; path = ExampleEllipsisLabel.app; sourceTree = BUILT_PRODUCTS_DIR; };
		CE8D4301297127E5002DBF02 /* AppDelegate.swift */ = {isa = PBXFileReference; lastKnownFileType = sourcecode.swift; path = AppDelegate.swift; sourceTree = "<group>"; };
		CE8D4303297127E5002DBF02 /* SceneDelegate.swift */ = {isa = PBXFileReference; lastKnownFileType = sourcecode.swift; path = SceneDelegate.swift; sourceTree = "<group>"; };
		CE8D4305297127E5002DBF02 /* ViewController.swift */ = {isa = PBXFileReference; lastKnownFileType = sourcecode.swift; path = ViewController.swift; sourceTree = "<group>"; };
		CE8D4308297127E5002DBF02 /* Base */ = {isa = PBXFileReference; lastKnownFileType = file.storyboard; name = Base; path = Base.lproj/Main.storyboard; sourceTree = "<group>"; };
		CE8D430A297127E6002DBF02 /* Assets.xcassets */ = {isa = PBXFileReference; lastKnownFileType = folder.assetcatalog; path = Assets.xcassets; sourceTree = "<group>"; };
		CE8D430D297127E6002DBF02 /* Base */ = {isa = PBXFileReference; lastKnownFileType = file.storyboard; name = Base; path = Base.lproj/LaunchScreen.storyboard; sourceTree = "<group>"; };
		CE8D430F297127E6002DBF02 /* Info.plist */ = {isa = PBXFileReference; lastKnownFileType = text.plist.xml; path = Info.plist; sourceTree = "<group>"; };
		CE8D4315297153CD002DBF02 /* TableViewController.swift */ = {isa = PBXFileReference; lastKnownFileType = sourcecode.swift; path = TableViewController.swift; sourceTree = "<group>"; };
		CE8D431729715488002DBF02 /* TableViewCell.swift */ = {isa = PBXFileReference; lastKnownFileType = sourcecode.swift; path = TableViewCell.swift; sourceTree = "<group>"; };
		CE8D431829715488002DBF02 /* TableViewCell.xib */ = {isa = PBXFileReference; lastKnownFileType = file.xib; path = TableViewCell.xib; sourceTree = "<group>"; };
		D6439B556895BFD00ED8B9B5 /* Pods-ExampleEllipsisLabel.release.xcconfig */ = {isa = PBXFileReference; includeInIndex = 1; lastKnownFileType = text.xcconfig; name = "Pods-ExampleEllipsisLabel.release.xcconfig"; path = "Target Support Files/Pods-ExampleEllipsisLabel/Pods-ExampleEllipsisLabel.release.xcconfig"; sourceTree = "<group>"; };
/* End PBXFileReference section */

/* Begin PBXFrameworksBuildPhase section */
		CE8D42FB297127E5002DBF02 /* Frameworks */ = {
			isa = PBXFrameworksBuildPhase;
			buildActionMask = 2147483647;
			files = (
				BA65A4C4133E923A26510C63 /* Pods_ExampleEllipsisLabel.framework in Frameworks */,
			);
			runOnlyForDeploymentPostprocessing = 0;
		};
/* End PBXFrameworksBuildPhase section */

/* Begin PBXGroup section */
		4A167D4186FE6F44BD17BD5D /* Frameworks */ = {
			isa = PBXGroup;
			children = (
				C44AABDB506194242D1AA423 /* Pods_ExampleEllipsisLabel.framework */,
			);
			name = Frameworks;
			sourceTree = "<group>";
		};
		CE8D42F5297127E5002DBF02 = {
			isa = PBXGroup;
			children = (
				CE8D4300297127E5002DBF02 /* ExampleEllipsisLabel */,
				CE8D42FF297127E5002DBF02 /* Products */,
				D46268E878C0B0D4ACF179B1 /* Pods */,
				4A167D4186FE6F44BD17BD5D /* Frameworks */,
			);
			sourceTree = "<group>";
		};
		CE8D42FF297127E5002DBF02 /* Products */ = {
			isa = PBXGroup;
			children = (
				CE8D42FE297127E5002DBF02 /* ExampleEllipsisLabel.app */,
			);
			name = Products;
			sourceTree = "<group>";
		};
		CE8D4300297127E5002DBF02 /* ExampleEllipsisLabel */ = {
			isa = PBXGroup;
			children = (
				CE8D4301297127E5002DBF02 /* AppDelegate.swift */,
				CE8D4303297127E5002DBF02 /* SceneDelegate.swift */,
				CE8D4305297127E5002DBF02 /* ViewController.swift */,
				CE8D4307297127E5002DBF02 /* Main.storyboard */,
				CE8D430A297127E6002DBF02 /* Assets.xcassets */,
				CE8D430C297127E6002DBF02 /* LaunchScreen.storyboard */,
				CE8D430F297127E6002DBF02 /* Info.plist */,
				CE8D4315297153CD002DBF02 /* TableViewController.swift */,
				CE8D431729715488002DBF02 /* TableViewCell.swift */,
				CE8D431829715488002DBF02 /* TableViewCell.xib */,
			);
			path = ExampleEllipsisLabel;
			sourceTree = "<group>";
		};
		D46268E878C0B0D4ACF179B1 /* Pods */ = {
			isa = PBXGroup;
			children = (
				1A8C1D10D53FF386BC94D044 /* Pods-ExampleEllipsisLabel.debug.xcconfig */,
				D6439B556895BFD00ED8B9B5 /* Pods-ExampleEllipsisLabel.release.xcconfig */,
			);
			path = Pods;
			sourceTree = "<group>";
		};
/* End PBXGroup section */

/* Begin PBXNativeTarget section */
		CE8D42FD297127E5002DBF02 /* ExampleEllipsisLabel */ = {
			isa = PBXNativeTarget;
			buildConfigurationList = CE8D4312297127E6002DBF02 /* Build configuration list for PBXNativeTarget "ExampleEllipsisLabel" */;
			buildPhases = (
				1809D9CAEE67308B75F718D1 /* [CP] Check Pods Manifest.lock */,
				CE8D42FA297127E5002DBF02 /* Sources */,
				CE8D42FB297127E5002DBF02 /* Frameworks */,
				CE8D42FC297127E5002DBF02 /* Resources */,
				DD9854994737E9A8389BCD9E /* [CP] Embed Pods Frameworks */,
			);
			buildRules = (
			);
			dependencies = (
			);
			name = ExampleEllipsisLabel;
			productName = ExampleEllipsisLabel;
			productReference = CE8D42FE297127E5002DBF02 /* ExampleEllipsisLabel.app */;
			productType = "com.apple.product-type.application";
		};
/* End PBXNativeTarget section */

/* Begin PBXProject section */
		CE8D42F6297127E5002DBF02 /* Project object */ = {
			isa = PBXProject;
			attributes = {
				BuildIndependentTargetsInParallel = 1;
				LastSwiftUpdateCheck = 1300;
				LastUpgradeCheck = 1300;
				TargetAttributes = {
					CE8D42FD297127E5002DBF02 = {
						CreatedOnToolsVersion = 13.0;
					};
				};
			};
			buildConfigurationList = CE8D42F9297127E5002DBF02 /* Build configuration list for PBXProject "ExampleEllipsisLabel" */;
			compatibilityVersion = "Xcode 13.0";
			developmentRegion = en;
			hasScannedForEncodings = 0;
			knownRegions = (
				en,
				Base,
			);
			mainGroup = CE8D42F5297127E5002DBF02;
			productRefGroup = CE8D42FF297127E5002DBF02 /* Products */;
			projectDirPath = "";
			projectRoot = "";
			targets = (
				CE8D42FD297127E5002DBF02 /* ExampleEllipsisLabel */,
			);
		};
/* End PBXProject section */

/* Begin PBXResourcesBuildPhase section */
		CE8D42FC297127E5002DBF02 /* Resources */ = {
			isa = PBXResourcesBuildPhase;
			buildActionMask = 2147483647;
			files = (
				CE8D430E297127E6002DBF02 /* LaunchScreen.storyboard in Resources */,
				CE8D431A29715488002DBF02 /* TableViewCell.xib in Resources */,
				CE8D430B297127E6002DBF02 /* Assets.xcassets in Resources */,
				CE8D4309297127E5002DBF02 /* Main.storyboard in Resources */,
			);
			runOnlyForDeploymentPostprocessing = 0;
		};
/* End PBXResourcesBuildPhase section */

/* Begin PBXShellScriptBuildPhase section */
		1809D9CAEE67308B75F718D1 /* [CP] Check Pods Manifest.lock */ = {
			isa = PBXShellScriptBuildPhase;
			buildActionMask = 2147483647;
			files = (
			);
			inputFileListPaths = (
			);
			inputPaths = (
				"${PODS_PODFILE_DIR_PATH}/Podfile.lock",
				"${PODS_ROOT}/Manifest.lock",
			);
			name = "[CP] Check Pods Manifest.lock";
			outputFileListPaths = (
			);
			outputPaths = (
				"$(DERIVED_FILE_DIR)/Pods-ExampleEllipsisLabel-checkManifestLockResult.txt",
			);
			runOnlyForDeploymentPostprocessing = 0;
			shellPath = /bin/sh;
			shellScript = "diff \"${PODS_PODFILE_DIR_PATH}/Podfile.lock\" \"${PODS_ROOT}/Manifest.lock\" > /dev/null\nif [ $? != 0 ] ; then\n    # print error to STDERR\n    echo \"error: The sandbox is not in sync with the Podfile.lock. Run 'pod install' or update your CocoaPods installation.\" >&2\n    exit 1\nfi\n# This output is used by Xcode 'outputs' to avoid re-running this script phase.\necho \"SUCCESS\" > \"${SCRIPT_OUTPUT_FILE_0}\"\n";
			showEnvVarsInLog = 0;
		};
		DD9854994737E9A8389BCD9E /* [CP] Embed Pods Frameworks */ = {
			isa = PBXShellScriptBuildPhase;
			buildActionMask = 2147483647;
			files = (
			);
			inputFileListPaths = (
				"${PODS_ROOT}/Target Support Files/Pods-ExampleEllipsisLabel/Pods-ExampleEllipsisLabel-frameworks-${CONFIGURATION}-input-files.xcfilelist",
			);
			name = "[CP] Embed Pods Frameworks";
			outputFileListPaths = (
				"${PODS_ROOT}/Target Support Files/Pods-ExampleEllipsisLabel/Pods-ExampleEllipsisLabel-frameworks-${CONFIGURATION}-output-files.xcfilelist",
			);
			runOnlyForDeploymentPostprocessing = 0;
			shellPath = /bin/sh;
			shellScript = "\"${PODS_ROOT}/Target Support Files/Pods-ExampleEllipsisLabel/Pods-ExampleEllipsisLabel-frameworks.sh\"\n";
			showEnvVarsInLog = 0;
		};
/* End PBXShellScriptBuildPhase section */

/* Begin PBXSourcesBuildPhase section */
		CE8D42FA297127E5002DBF02 /* Sources */ = {
			isa = PBXSourcesBuildPhase;
			buildActionMask = 2147483647;
			files = (
				CE8D431929715488002DBF02 /* TableViewCell.swift in Sources */,
				CE8D4306297127E5002DBF02 /* ViewController.swift in Sources */,
				CE8D4302297127E5002DBF02 /* AppDelegate.swift in Sources */,
				CE8D4304297127E5002DBF02 /* SceneDelegate.swift in Sources */,
				CE8D4316297153CD002DBF02 /* TableViewController.swift in Sources */,
			);
			runOnlyForDeploymentPostprocessing = 0;
		};
/* End PBXSourcesBuildPhase section */

/* Begin PBXVariantGroup section */
		CE8D4307297127E5002DBF02 /* Main.storyboard */ = {
			isa = PBXVariantGroup;
			children = (
				CE8D4308297127E5002DBF02 /* Base */,
			);
			name = Main.storyboard;
			sourceTree = "<group>";
		};
		CE8D430C297127E6002DBF02 /* LaunchScreen.storyboard */ = {
			isa = PBXVariantGroup;
			children = (
				CE8D430D297127E6002DBF02 /* Base */,
			);
			name = LaunchScreen.storyboard;
			sourceTree = "<group>";
		};
/* End PBXVariantGroup section */

/* Begin XCBuildConfiguration section */
		CE8D4310297127E6002DBF02 /* Debug */ = {
			isa = XCBuildConfiguration;
			buildSettings = {
				ALWAYS_SEARCH_USER_PATHS = NO;
				CLANG_ANALYZER_NONNULL = YES;
				CLANG_ANALYZER_NUMBER_OBJECT_CONVERSION = YES_AGGRESSIVE;
				CLANG_CXX_LANGUAGE_STANDARD = "gnu++17";
				CLANG_CXX_LIBRARY = "libc++";
				CLANG_ENABLE_MODULES = YES;
				CLANG_ENABLE_OBJC_ARC = YES;
				CLANG_ENABLE_OBJC_WEAK = YES;
				CLANG_WARN_BLOCK_CAPTURE_AUTORELEASING = YES;
				CLANG_WARN_BOOL_CONVERSION = YES;
				CLANG_WARN_COMMA = YES;
				CLANG_WARN_CONSTANT_CONVERSION = YES;
				CLANG_WARN_DEPRECATED_OBJC_IMPLEMENTATIONS = YES;
				CLANG_WARN_DIRECT_OBJC_ISA_USAGE = YES_ERROR;
				CLANG_WARN_DOCUMENTATION_COMMENTS = YES;
				CLANG_WARN_EMPTY_BODY = YES;
				CLANG_WARN_ENUM_CONVERSION = YES;
				CLANG_WARN_INFINITE_RECURSION = YES;
				CLANG_WARN_INT_CONVERSION = YES;
				CLANG_WARN_NON_LITERAL_NULL_CONVERSION = YES;
				CLANG_WARN_OBJC_IMPLICIT_RETAIN_SELF = YES;
				CLANG_WARN_OBJC_LITERAL_CONVERSION = YES;
				CLANG_WARN_OBJC_ROOT_CLASS = YES_ERROR;
				CLANG_WARN_QUOTED_INCLUDE_IN_FRAMEWORK_HEADER = YES;
				CLANG_WARN_RANGE_LOOP_ANALYSIS = YES;
				CLANG_WARN_STRICT_PROTOTYPES = YES;
				CLANG_WARN_SUSPICIOUS_MOVE = YES;
				CLANG_WARN_UNGUARDED_AVAILABILITY = YES_AGGRESSIVE;
				CLANG_WARN_UNREACHABLE_CODE = YES;
				CLANG_WARN__DUPLICATE_METHOD_MATCH = YES;
				COPY_PHASE_STRIP = NO;
				DEBUG_INFORMATION_FORMAT = dwarf;
				ENABLE_STRICT_OBJC_MSGSEND = YES;
				ENABLE_TESTABILITY = YES;
				GCC_C_LANGUAGE_STANDARD = gnu11;
				GCC_DYNAMIC_NO_PIC = NO;
				GCC_NO_COMMON_BLOCKS = YES;
				GCC_OPTIMIZATION_LEVEL = 0;
				GCC_PREPROCESSOR_DEFINITIONS = (
					"DEBUG=1",
					"$(inherited)",
				);
				GCC_WARN_64_TO_32_BIT_CONVERSION = YES;
				GCC_WARN_ABOUT_RETURN_TYPE = YES_ERROR;
				GCC_WARN_UNDECLARED_SELECTOR = YES;
				GCC_WARN_UNINITIALIZED_AUTOS = YES_AGGRESSIVE;
				GCC_WARN_UNUSED_FUNCTION = YES;
				GCC_WARN_UNUSED_VARIABLE = YES;
				IPHONEOS_DEPLOYMENT_TARGET = 15.0;
				MTL_ENABLE_DEBUG_INFO = INCLUDE_SOURCE;
				MTL_FAST_MATH = YES;
				ONLY_ACTIVE_ARCH = YES;
				SDKROOT = iphoneos;
				SWIFT_ACTIVE_COMPILATION_CONDITIONS = DEBUG;
				SWIFT_OPTIMIZATION_LEVEL = "-Onone";
			};
			name = Debug;
		};
		CE8D4311297127E6002DBF02 /* Release */ = {
			isa = XCBuildConfiguration;
			buildSettings = {
				ALWAYS_SEARCH_USER_PATHS = NO;
				CLANG_ANALYZER_NONNULL = YES;
				CLANG_ANALYZER_NUMBER_OBJECT_CONVERSION = YES_AGGRESSIVE;
				CLANG_CXX_LANGUAGE_STANDARD = "gnu++17";
				CLANG_CXX_LIBRARY = "libc++";
				CLANG_ENABLE_MODULES = YES;
				CLANG_ENABLE_OBJC_ARC = YES;
				CLANG_ENABLE_OBJC_WEAK = YES;
				CLANG_WARN_BLOCK_CAPTURE_AUTORELEASING = YES;
				CLANG_WARN_BOOL_CONVERSION = YES;
				CLANG_WARN_COMMA = YES;
				CLANG_WARN_CONSTANT_CONVERSION = YES;
				CLANG_WARN_DEPRECATED_OBJC_IMPLEMENTATIONS = YES;
				CLANG_WARN_DIRECT_OBJC_ISA_USAGE = YES_ERROR;
				CLANG_WARN_DOCUMENTATION_COMMENTS = YES;
				CLANG_WARN_EMPTY_BODY = YES;
				CLANG_WARN_ENUM_CONVERSION = YES;
				CLANG_WARN_INFINITE_RECURSION = YES;
				CLANG_WARN_INT_CONVERSION = YES;
				CLANG_WARN_NON_LITERAL_NULL_CONVERSION = YES;
				CLANG_WARN_OBJC_IMPLICIT_RETAIN_SELF = YES;
				CLANG_WARN_OBJC_LITERAL_CONVERSION = YES;
				CLANG_WARN_OBJC_ROOT_CLASS = YES_ERROR;
				CLANG_WARN_QUOTED_INCLUDE_IN_FRAMEWORK_HEADER = YES;
				CLANG_WARN_RANGE_LOOP_ANALYSIS = YES;
				CLANG_WARN_STRICT_PROTOTYPES = YES;
				CLANG_WARN_SUSPICIOUS_MOVE = YES;
				CLANG_WARN_UNGUARDED_AVAILABILITY = YES_AGGRESSIVE;
				CLANG_WARN_UNREACHABLE_CODE = YES;
				CLANG_WARN__DUPLICATE_METHOD_MATCH = YES;
				COPY_PHASE_STRIP = NO;
				DEBUG_INFORMATION_FORMAT = "dwarf-with-dsym";
				ENABLE_NS_ASSERTIONS = NO;
				ENABLE_STRICT_OBJC_MSGSEND = YES;
				GCC_C_LANGUAGE_STANDARD = gnu11;
				GCC_NO_COMMON_BLOCKS = YES;
				GCC_WARN_64_TO_32_BIT_CONVERSION = YES;
				GCC_WARN_ABOUT_RETURN_TYPE = YES_ERROR;
				GCC_WARN_UNDECLARED_SELECTOR = YES;
				GCC_WARN_UNINITIALIZED_AUTOS = YES_AGGRESSIVE;
				GCC_WARN_UNUSED_FUNCTION = YES;
				GCC_WARN_UNUSED_VARIABLE = YES;
				IPHONEOS_DEPLOYMENT_TARGET = 15.0;
				MTL_ENABLE_DEBUG_INFO = NO;
				MTL_FAST_MATH = YES;
				SDKROOT = iphoneos;
				SWIFT_COMPILATION_MODE = wholemodule;
				SWIFT_OPTIMIZATION_LEVEL = "-O";
				VALIDATE_PRODUCT = YES;
			};
			name = Release;
		};
		CE8D4313297127E6002DBF02 /* Debug */ = {
			isa = XCBuildConfiguration;
			baseConfigurationReference = 1A8C1D10D53FF386BC94D044 /* Pods-ExampleEllipsisLabel.debug.xcconfig */;
			buildSettings = {
				ASSETCATALOG_COMPILER_APPICON_NAME = AppIcon;
				ASSETCATALOG_COMPILER_GLOBAL_ACCENT_COLOR_NAME = AccentColor;
				CODE_SIGN_STYLE = Automatic;
				CURRENT_PROJECT_VERSION = 1;
				GENERATE_INFOPLIST_FILE = YES;
				INFOPLIST_FILE = ExampleEllipsisLabel/Info.plist;
				INFOPLIST_KEY_UIApplicationSupportsIndirectInputEvents = YES;
				INFOPLIST_KEY_UILaunchStoryboardName = LaunchScreen;
				INFOPLIST_KEY_UIMainStoryboardFile = Main;
				INFOPLIST_KEY_UISupportedInterfaceOrientations_iPad = "UIInterfaceOrientationPortrait UIInterfaceOrientationPortraitUpsideDown UIInterfaceOrientationLandscapeLeft UIInterfaceOrientationLandscapeRight";
				INFOPLIST_KEY_UISupportedInterfaceOrientations_iPhone = "UIInterfaceOrientationPortrait UIInterfaceOrientationLandscapeLeft UIInterfaceOrientationLandscapeRight";
				LD_RUNPATH_SEARCH_PATHS = (
					"$(inherited)",
					"@executable_path/Frameworks",
				);
				MARKETING_VERSION = 1.0;
				PRODUCT_BUNDLE_IDENTIFIER = com.baifu.ellipsislabel.ExampleEllipsisLabel;
				PRODUCT_NAME = "$(TARGET_NAME)";
				SWIFT_EMIT_LOC_STRINGS = YES;
				SWIFT_VERSION = 5.0;
				TARGETED_DEVICE_FAMILY = "1,2";
			};
			name = Debug;
		};
		CE8D4314297127E6002DBF02 /* Release */ = {
			isa = XCBuildConfiguration;
			baseConfigurationReference = D6439B556895BFD00ED8B9B5 /* Pods-ExampleEllipsisLabel.release.xcconfig */;
			buildSettings = {
				ASSETCATALOG_COMPILER_APPICON_NAME = AppIcon;
				ASSETCATALOG_COMPILER_GLOBAL_ACCENT_COLOR_NAME = AccentColor;
				CODE_SIGN_STYLE = Automatic;
				CURRENT_PROJECT_VERSION = 1;
				GENERATE_INFOPLIST_FILE = YES;
				INFOPLIST_FILE = ExampleEllipsisLabel/Info.plist;
				INFOPLIST_KEY_UIApplicationSupportsIndirectInputEvents = YES;
				INFOPLIST_KEY_UILaunchStoryboardName = LaunchScreen;
				INFOPLIST_KEY_UIMainStoryboardFile = Main;
				INFOPLIST_KEY_UISupportedInterfaceOrientations_iPad = "UIInterfaceOrientationPortrait UIInterfaceOrientationPortraitUpsideDown UIInterfaceOrientationLandscapeLeft UIInterfaceOrientationLandscapeRight";
				INFOPLIST_KEY_UISupportedInterfaceOrientations_iPhone = "UIInterfaceOrientationPortrait UIInterfaceOrientationLandscapeLeft UIInterfaceOrientationLandscapeRight";
				LD_RUNPATH_SEARCH_PATHS = (
					"$(inherited)",
					"@executable_path/Frameworks",
				);
				MARKETING_VERSION = 1.0;
				PRODUCT_BUNDLE_IDENTIFIER = com.baifu.ellipsislabel.ExampleEllipsisLabel;
				PRODUCT_NAME = "$(TARGET_NAME)";
				SWIFT_EMIT_LOC_STRINGS = YES;
				SWIFT_VERSION = 5.0;
				TARGETED_DEVICE_FAMILY = "1,2";
			};
			name = Release;
		};
/* End XCBuildConfiguration section */

/* Begin XCConfigurationList section */
		CE8D42F9297127E5002DBF02 /* Build configuration list for PBXProject "ExampleEllipsisLabel" */ = {
			isa = XCConfigurationList;
			buildConfigurations = (
				CE8D4310297127E6002DBF02 /* Debug */,
				CE8D4311297127E6002DBF02 /* Release */,
			);
			defaultConfigurationIsVisible = 0;
			defaultConfigurationName = Release;
		};
		CE8D4312297127E6002DBF02 /* Build configuration list for PBXNativeTarget "ExampleEllipsisLabel" */ = {
			isa = XCConfigurationList;
			buildConfigurations = (
				CE8D4313297127E6002DBF02 /* Debug */,
				CE8D4314297127E6002DBF02 /* Release */,
			);
			defaultConfigurationIsVisible = 0;
			defaultConfigurationName = Release;
		};
/* End XCConfigurationList section */
	};
	rootObject = CE8D42F6297127E5002DBF02 /* Project object */;
}
